<Solution>
  <Folder Name="/src/">
    <Project Path="src/BuildingBlocks/BuildingBlocks.csproj" />
    <Project Path="src/BuildingBlocks/BuildingBlocks.Contracts/BuildingBlocks.Contracts.csproj" />
  </Folder>
  <Folder Name="/src/Services/" />
  <Folder Name="/src/Services/Inventory/">
    <Project Path="src/Services/Inventory/Inventory.Api/Inventory.Api.csproj" />
  </Folder>
  <Folder Name="/src/Services/Auth/">
    <Project Path="src/Services/Auth/Auth.Api/Auth.Api.csproj" Id="66f4a923-c9d5-4580-99a7-bdc0dde2fe10" />
  </Folder>
  <Folder Name="/src/Services/Booking/">
    <Project Path="src/Services/Booking/Booking.Api.csproj" />
  </Folder>
  <Folder Name="/src/Services/Flight/">
    <Project Path="src/Services/Flight/Flight.Api.csproj" />
  </Folder>
  <Folder Name="/src/Services/Hotel/">
    <Project Path="src/Services/Hotel/Hotel.Api.csproj" />
  </Folder>
  <Folder Name="/src/Services/Notification/">
    <Project Path="src/Services/Notification/Notification.Worker.csproj" />
  </Folder>
  <Folder Name="/src/Services/Payment/">
    <Project Path="src/Services/Payment/Payment.Api.csproj" />
  </Folder>
  <Folder Name="/src/Services/Search/">
    <Project Path="src/Services/Search/Search.Api/Search.Api.csproj" Id="be4b54ab-52e1-430a-82e7-9e1f13e0853f" />
  </Folder>
</Solution>
